
Microsoft Visual Studio Solution File, Format Version 12.00
# Visual Studio Version 17
VisualStudioVersion = 17.2.32427.441
MinimumVisualStudioVersion = 10.0.40219.1
Project("{FAE04EC0-301F-11D3-BF4B-00C04F79EFBC}") = "Tekrar4", "Tekrar4\Tekrar4.csproj", "{D5F15185-C0DB-4805-B48E-CAD91D0AD10A}"
EndProject
Global
	GlobalSection(SolutionConfigurationPlatforms) = preSolution
		Debug|Any CPU = Debug|Any CPU
		Release|Any CPU = Release|Any CPU
	EndGlobalSection
	GlobalSection(ProjectConfigurationPlatforms) = postSolution
		{D5F15185-C0DB-4805-B48E-CAD91D0AD10A}.Debug|Any CPU.ActiveCfg = Debug|Any CPU
		{D5F15185-C0DB-4805-B48E-CAD91D0AD10A}.Debug|Any CPU.Build.0 = Debug|Any CPU
		{D5F15185-C0DB-4805-B48E-CAD91D0AD10A}.Release|Any CPU.ActiveCfg = Release|Any CPU
		{D5F15185-C0DB-4805-B48E-CAD91D0AD10A}.Release|Any CPU.Build.0 = Release|Any CPU
	EndGlobalSection
	GlobalSection(SolutionProperties) = preSolution
		HideSolutionNode = FALSE
	EndGlobalSection
	GlobalSection(ExtensibilityGlobals) = postSolution
		SolutionGuid = {654DE28B-B01D-4687-8ECF-56BC4D3361E4}
	EndGlobalSection
EndGlobal
